// !$*UTF8*$!
{
	archiveVersion = 1;
	classes = {
	};
	objectVersion = 50;
	objects = {

/* Begin PBXBuildFile section */
		D08C3A81255829E400890937 /* Áustria.png in Resources */ = {isa = PBXBuildFile; fileRef = D08C3A4F255829DF00890937 /* Áustria.png */; };
		D08C3A82255829E400890937 /* Noruega.png in Resources */ = {isa = PBXBuildFile; fileRef = D08C3A50255829DF00890937 /* Noruega.png */; };
		D08C3A83255829E400890937 /* Tchecoslováquia.png in Resources */ = {isa = PBXBuildFile; fileRef = D08C3A51255829DF00890937 /* Tchecoslováquia.png */; };
		D08C3A84255829E400890937 /* Hungria.png in Resources */ = {isa = PBXBuildFile; fileRef = D08C3A52255829E000890937 /* Hungria.png */; };
		D08C3A85255829E400890937 /* Honduras.png in Resources */ = {isa = PBXBuildFile; fileRef = D08C3A53255829E000890937 /* Honduras.png */; };
		D08C3A86255829E400890937 /* África do Sul.png in Resources */ = {isa = PBXBuildFile; fileRef = D08C3A54255829E000890937 /* África do Sul.png */; };
		D08C3A87255829E400890937 /* Espanha.png in Resources */ = {isa = PBXBuildFile; fileRef = D08C3A55255829E000890937 /* Espanha.png */; };
		D08C3A88255829E400890937 /* Brasil.png in Resources */ = {isa = PBXBuildFile; fileRef = D08C3A56255829E000890937 /* Brasil.png */; };
		D08C3A89255829E400890937 /* Itália.png in Resources */ = {isa = PBXBuildFile; fileRef = D08C3A57255829E000890937 /* Itália.png */; };
		D08C3A8A255829E400890937 /* winners.json in Resources */ = {isa = PBXBuildFile; fileRef = D08C3A58255829E000890937 /* winners.json */; };
		D08C3A8B255829E400890937 /* México.png in Resources */ = {isa = PBXBuildFile; fileRef = D08C3A59255829E000890937 /* México.png */; };
		D08C3A8C255829E400890937 /* Holanda.png in Resources */ = {isa = PBXBuildFile; fileRef = D08C3A5A255829E100890937 /* Holanda.png */; };
		D08C3A8D255829E400890937 /* Colômbia.png in Resources */ = {isa = PBXBuildFile; fileRef = D08C3A5B255829E100890937 /* Colômbia.png */; };
		D08C3A8E255829E400890937 /* União Soviética.png in Resources */ = {isa = PBXBuildFile; fileRef = D08C3A5C255829E100890937 /* União Soviética.png */; };
		D08C3A8F255829E400890937 /* País de Gales.png in Resources */ = {isa = PBXBuildFile; fileRef = D08C3A5D255829E100890937 /* País de Gales.png */; };
		D08C3A90255829E400890937 /* Peru.png in Resources */ = {isa = PBXBuildFile; fileRef = D08C3A5E255829E100890937 /* Peru.png */; };
		D08C3A91255829E400890937 /* Dinamarca.png in Resources */ = {isa = PBXBuildFile; fileRef = D08C3A5F255829E100890937 /* Dinamarca.png */; };
		D08C3A92255829E400890937 /* Bolívia.png in Resources */ = {isa = PBXBuildFile; fileRef = D08C3A60255829E100890937 /* Bolívia.png */; };
		D08C3A93255829E400890937 /* Ucrânia.png in Resources */ = {isa = PBXBuildFile; fileRef = D08C3A61255829E100890937 /* Ucrânia.png */; };
		D08C3A94255829E400890937 /* Coréia do Sul.png in Resources */ = {isa = PBXBuildFile; fileRef = D08C3A62255829E100890937 /* Coréia do Sul.png */; };
		D08C3A95255829E400890937 /* Arábia Saudita.png in Resources */ = {isa = PBXBuildFile; fileRef = D08C3A63255829E100890937 /* Arábia Saudita.png */; };
		D08C3A96255829E400890937 /* Romênia.png in Resources */ = {isa = PBXBuildFile; fileRef = D08C3A64255829E100890937 /* Romênia.png */; };
		D08C3A97255829E400890937 /* Emirados Árabes.png in Resources */ = {isa = PBXBuildFile; fileRef = D08C3A65255829E200890937 /* Emirados Árabes.png */; };
		D08C3A98255829E400890937 /* Polônia.png in Resources */ = {isa = PBXBuildFile; fileRef = D08C3A66255829E200890937 /* Polônia.png */; };
		D08C3A99255829E400890937 /* Gana.png in Resources */ = {isa = PBXBuildFile; fileRef = D08C3A67255829E200890937 /* Gana.png */; };
		D08C3A9A255829E400890937 /* Turquia.png in Resources */ = {isa = PBXBuildFile; fileRef = D08C3A68255829E200890937 /* Turquia.png */; };
		D08C3A9B255829E400890937 /* Paraguai.png in Resources */ = {isa = PBXBuildFile; fileRef = D08C3A69255829E200890937 /* Paraguai.png */; };
		D08C3A9C255829E400890937 /* Rússia.png in Resources */ = {isa = PBXBuildFile; fileRef = D08C3A6A255829E200890937 /* Rússia.png */; };
		D08C3A9D255829E400890937 /* Camarões.png in Resources */ = {isa = PBXBuildFile; fileRef = D08C3A6B255829E200890937 /* Camarões.png */; };
		D08C3A9E255829E400890937 /* Bulgária.png in Resources */ = {isa = PBXBuildFile; fileRef = D08C3A6C255829E200890937 /* Bulgária.png */; };
		D08C3A9F255829E400890937 /* Inglaterra.png in Resources */ = {isa = PBXBuildFile; fileRef = D08C3A6D255829E200890937 /* Inglaterra.png */; };
		D08C3AA0255829E400890937 /* Estados Unidos.png in Resources */ = {isa = PBXBuildFile; fileRef = D08C3A6E255829E200890937 /* Estados Unidos.png */; };
		D08C3AA1255829E400890937 /* Alemanha Ocidental.png in Resources */ = {isa = PBXBuildFile; fileRef = D08C3A6F255829E300890937 /* Alemanha Ocidental.png */; };
		D08C3AA2255829E400890937 /* Uruguai.png in Resources */ = {isa = PBXBuildFile; fileRef = D08C3A70255829E300890937 /* Uruguai.png */; };
		D08C3AA3255829E400890937 /* Suécia.png in Resources */ = {isa = PBXBuildFile; fileRef = D08C3A71255829E300890937 /* Suécia.png */; };
		D08C3AA4255829E400890937 /* Costa Rica.png in Resources */ = {isa = PBXBuildFile; fileRef = D08C3A72255829E300890937 /* Costa Rica.png */; };
		D08C3AA5255829E400890937 /* China.png in Resources */ = {isa = PBXBuildFile; fileRef = D08C3A73255829E300890937 /* China.png */; };
		D08C3AA6255829E400890937 /* Alemanha Oriental.png in Resources */ = {isa = PBXBuildFile; fileRef = D08C3A74255829E300890937 /* Alemanha Oriental.png */; };
		D08C3AA7255829E400890937 /* Croácia.png in Resources */ = {isa = PBXBuildFile; fileRef = D08C3A75255829E300890937 /* Croácia.png */; };
		D08C3AA8255829E400890937 /* Alemanha.png in Resources */ = {isa = PBXBuildFile; fileRef = D08C3A76255829E300890937 /* Alemanha.png */; };
		D08C3AA9255829E400890937 /* Portugal.png in Resources */ = {isa = PBXBuildFile; fileRef = D08C3A77255829E300890937 /* Portugal.png */; };
		D08C3AAA255829E400890937 /* França.png in Resources */ = {isa = PBXBuildFile; fileRef = D08C3A78255829E400890937 /* França.png */; };
		D08C3AAB255829E400890937 /* Iugoslávia.png in Resources */ = {isa = PBXBuildFile; fileRef = D08C3A79255829E400890937 /* Iugoslávia.png */; };
		D08C3AAC255829E400890937 /* Bélgica.png in Resources */ = {isa = PBXBuildFile; fileRef = D08C3A7A255829E400890937 /* Bélgica.png */; };
		D08C3AAD255829E400890937 /* Austrália.png in Resources */ = {isa = PBXBuildFile; fileRef = D08C3A7B255829E400890937 /* Austrália.png */; };
		D08C3AAE255829E400890937 /* Suíça.png in Resources */ = {isa = PBXBuildFile; fileRef = D08C3A7C255829E400890937 /* Suíça.png */; };
		D08C3AAF255829E400890937 /* República Tcheca.png in Resources */ = {isa = PBXBuildFile; fileRef = D08C3A7D255829E400890937 /* República Tcheca.png */; };
		D08C3AB0255829E400890937 /* Chile.png in Resources */ = {isa = PBXBuildFile; fileRef = D08C3A7E255829E400890937 /* Chile.png */; };
		D08C3AB1255829E400890937 /* Argentina.png in Resources */ = {isa = PBXBuildFile; fileRef = D08C3A7F255829E400890937 /* Argentina.png */; };
		D08C3AB2255829E400890937 /* Argélia.png in Resources */ = {isa = PBXBuildFile; fileRef = D08C3A80255829E400890937 /* Argélia.png */; };
		D0A7FAE1254DF48B00A194EE /* WorldCupTableViewCell.swift in Sources */ = {isa = PBXBuildFile; fileRef = D0A7FAE0254DF48B00A194EE /* WorldCupTableViewCell.swift */; };
		D0A7FAE3254E17E500A194EE /* GamesTableViewCell.swift in Sources */ = {isa = PBXBuildFile; fileRef = D0A7FAE2254E17E500A194EE /* GamesTableViewCell.swift */; };
		D0AF6F12254CEC0C00BC443B /* AppDelegate.swift in Sources */ = {isa = PBXBuildFile; fileRef = D0AF6F11254CEC0C00BC443B /* AppDelegate.swift */; };
		D0AF6F14254CEC0C00BC443B /* SceneDelegate.swift in Sources */ = {isa = PBXBuildFile; fileRef = D0AF6F13254CEC0C00BC443B /* SceneDelegate.swift */; };
		D0AF6F19254CEC0C00BC443B /* Main.storyboard in Resources */ = {isa = PBXBuildFile; fileRef = D0AF6F17254CEC0C00BC443B /* Main.storyboard */; };
		D0AF6F1B254CEC1100BC443B /* Assets.xcassets in Resources */ = {isa = PBXBuildFile; fileRef = D0AF6F1A254CEC1100BC443B /* Assets.xcassets */; };
		D0AF6F1E254CEC1100BC443B /* LaunchScreen.storyboard in Resources */ = {isa = PBXBuildFile; fileRef = D0AF6F1C254CEC1100BC443B /* LaunchScreen.storyboard */; };
		D0AF6F29254CEC1200BC443B /* CampeoesDaCopaTests.swift in Sources */ = {isa = PBXBuildFile; fileRef = D0AF6F28254CEC1200BC443B /* CampeoesDaCopaTests.swift */; };
		D0AF6F34254CEC1200BC443B /* CampeoesDaCopaUITests.swift in Sources */ = {isa = PBXBuildFile; fileRef = D0AF6F33254CEC1200BC443B /* CampeoesDaCopaUITests.swift */; };
		D0AF6FA8254CEEEF00BC443B /* WinnersTableViewController.swift in Sources */ = {isa = PBXBuildFile; fileRef = D0AF6FA7254CEEEF00BC443B /* WinnersTableViewController.swift */; };
		D0AF6FAB254CEF3600BC443B /* WorldCupViewController.swift in Sources */ = {isa = PBXBuildFile; fileRef = D0AF6FAA254CEF3600BC443B /* WorldCupViewController.swift */; };
		D0AF6FAD254CEF7B00BC443B /* WorldCup.swift in Sources */ = {isa = PBXBuildFile; fileRef = D0AF6FAC254CEF7B00BC443B /* WorldCup.swift */; };
/* End PBXBuildFile section */

/* Begin PBXContainerItemProxy section */
		D0AF6F25254CEC1100BC443B /* PBXContainerItemProxy */ = {
			isa = PBXContainerItemProxy;
			containerPortal = D0AF6F06254CEC0C00BC443B /* Project object */;
			proxyType = 1;
			remoteGlobalIDString = D0AF6F0D254CEC0C00BC443B;
			remoteInfo = CampeoesDaCopa;
		};
		D0AF6F30254CEC1200BC443B /* PBXContainerItemProxy */ = {
			isa = PBXContainerItemProxy;
			containerPortal = D0AF6F06254CEC0C00BC443B /* Project object */;
			proxyType = 1;
			remoteGlobalIDString = D0AF6F0D254CEC0C00BC443B;
			remoteInfo = CampeoesDaCopa;
		};
/* End PBXContainerItemProxy section */

/* Begin PBXFileReference section */
		D08C3A4F255829DF00890937 /* Áustria.png */ = {isa = PBXFileReference; lastKnownFileType = image.png; path = "Áustria.png"; sourceTree = "<group>"; };
		D08C3A50255829DF00890937 /* Noruega.png */ = {isa = PBXFileReference; lastKnownFileType = image.png; path = Noruega.png; sourceTree = "<group>"; };
		D08C3A51255829DF00890937 /* Tchecoslováquia.png */ = {isa = PBXFileReference; lastKnownFileType = image.png; path = "Tchecoslováquia.png"; sourceTree = "<group>"; };
		D08C3A52255829E000890937 /* Hungria.png */ = {isa = PBXFileReference; lastKnownFileType = image.png; path = Hungria.png; sourceTree = "<group>"; };
		D08C3A53255829E000890937 /* Honduras.png */ = {isa = PBXFileReference; lastKnownFileType = image.png; path = Honduras.png; sourceTree = "<group>"; };
		D08C3A54255829E000890937 /* África do Sul.png */ = {isa = PBXFileReference; lastKnownFileType = image.png; path = "África do Sul.png"; sourceTree = "<group>"; };
		D08C3A55255829E000890937 /* Espanha.png */ = {isa = PBXFileReference; lastKnownFileType = image.png; path = Espanha.png; sourceTree = "<group>"; };
		D08C3A56255829E000890937 /* Brasil.png */ = {isa = PBXFileReference; lastKnownFileType = image.png; path = Brasil.png; sourceTree = "<group>"; };
		D08C3A57255829E000890937 /* Itália.png */ = {isa = PBXFileReference; lastKnownFileType = image.png; path = "Itália.png"; sourceTree = "<group>"; };
		D08C3A58255829E000890937 /* winners.json */ = {isa = PBXFileReference; fileEncoding = 4; lastKnownFileType = text.json; path = winners.json; sourceTree = "<group>"; };
		D08C3A59255829E000890937 /* México.png */ = {isa = PBXFileReference; lastKnownFileType = image.png; path = "México.png"; sourceTree = "<group>"; };
		D08C3A5A255829E100890937 /* Holanda.png */ = {isa = PBXFileReference; lastKnownFileType = image.png; path = Holanda.png; sourceTree = "<group>"; };
		D08C3A5B255829E100890937 /* Colômbia.png */ = {isa = PBXFileReference; lastKnownFileType = image.png; path = "Colômbia.png"; sourceTree = "<group>"; };
		D08C3A5C255829E100890937 /* União Soviética.png */ = {isa = PBXFileReference; lastKnownFileType = image.png; path = "União Soviética.png"; sourceTree = "<group>"; };
		D08C3A5D255829E100890937 /* País de Gales.png */ = {isa = PBXFileReference; lastKnownFileType = image.png; path = "País de Gales.png"; sourceTree = "<group>"; };
		D08C3A5E255829E100890937 /* Peru.png */ = {isa = PBXFileReference; lastKnownFileType = image.png; path = Peru.png; sourceTree = "<group>"; };
		D08C3A5F255829E100890937 /* Dinamarca.png */ = {isa = PBXFileReference; lastKnownFileType = image.png; path = Dinamarca.png; sourceTree = "<group>"; };
		D08C3A60255829E100890937 /* Bolívia.png */ = {isa = PBXFileReference; lastKnownFileType = image.png; path = "Bolívia.png"; sourceTree = "<group>"; };
		D08C3A61255829E100890937 /* Ucrânia.png */ = {isa = PBXFileReference; lastKnownFileType = image.png; path = "Ucrânia.png"; sourceTree = "<group>"; };
		D08C3A62255829E100890937 /* Coréia do Sul.png */ = {isa = PBXFileReference; lastKnownFileType = image.png; path = "Coréia do Sul.png"; sourceTree = "<group>"; };
		D08C3A63255829E100890937 /* Arábia Saudita.png */ = {isa = PBXFileReference; lastKnownFileType = image.png; path = "Arábia Saudita.png"; sourceTree = "<group>"; };
		D08C3A64255829E100890937 /* Romênia.png */ = {isa = PBXFileReference; lastKnownFileType = image.png; path = "Romênia.png"; sourceTree = "<group>"; };
		D08C3A65255829E200890937 /* Emirados Árabes.png */ = {isa = PBXFileReference; lastKnownFileType = image.png; path = "Emirados Árabes.png"; sourceTree = "<group>"; };
		D08C3A66255829E200890937 /* Polônia.png */ = {isa = PBXFileReference; lastKnownFileType = image.png; path = "Polônia.png"; sourceTree = "<group>"; };
		D08C3A67255829E200890937 /* Gana.png */ = {isa = PBXFileReference; lastKnownFileType = image.png; path = Gana.png; sourceTree = "<group>"; };
		D08C3A68255829E200890937 /* Turquia.png */ = {isa = PBXFileReference; lastKnownFileType = image.png; path = Turquia.png; sourceTree = "<group>"; };
		D08C3A69255829E200890937 /* Paraguai.png */ = {isa = PBXFileReference; lastKnownFileType = image.png; path = Paraguai.png; sourceTree = "<group>"; };
		D08C3A6A255829E200890937 /* Rússia.png */ = {isa = PBXFileReference; lastKnownFileType = image.png; path = "Rússia.png"; sourceTree = "<group>"; };
		D08C3A6B255829E200890937 /* Camarões.png */ = {isa = PBXFileReference; lastKnownFileType = image.png; path = "Camarões.png"; sourceTree = "<group>"; };
		D08C3A6C255829E200890937 /* Bulgária.png */ = {isa = PBXFileReference; lastKnownFileType = image.png; path = "Bulgária.png"; sourceTree = "<group>"; };
		D08C3A6D255829E200890937 /* Inglaterra.png */ = {isa = PBXFileReference; lastKnownFileType = image.png; path = Inglaterra.png; sourceTree = "<group>"; };
		D08C3A6E255829E200890937 /* Estados Unidos.png */ = {isa = PBXFileReference; lastKnownFileType = image.png; path = "Estados Unidos.png"; sourceTree = "<group>"; };
		D08C3A6F255829E300890937 /* Alemanha Ocidental.png */ = {isa = PBXFileReference; lastKnownFileType = image.png; path = "Alemanha Ocidental.png"; sourceTree = "<group>"; };
		D08C3A70255829E300890937 /* Uruguai.png */ = {isa = PBXFileReference; lastKnownFileType = image.png; path = Uruguai.png; sourceTree = "<group>"; };
		D08C3A71255829E300890937 /* Suécia.png */ = {isa = PBXFileReference; lastKnownFileType = image.png; path = "Suécia.png"; sourceTree = "<group>"; };
		D08C3A72255829E300890937 /* Costa Rica.png */ = {isa = PBXFileReference; lastKnownFileType = image.png; path = "Costa Rica.png"; sourceTree = "<group>"; };
		D08C3A73255829E300890937 /* China.png */ = {isa = PBXFileReference; lastKnownFileType = image.png; path = China.png; sourceTree = "<group>"; };
		D08C3A74255829E300890937 /* Alemanha Oriental.png */ = {isa = PBXFileReference; lastKnownFileType = image.png; path = "Alemanha Oriental.png"; sourceTree = "<group>"; };
		D08C3A75255829E300890937 /* Croácia.png */ = {isa = PBXFileReference; lastKnownFileType = image.png; path = "Croácia.png"; sourceTree = "<group>"; };
		D08C3A76255829E300890937 /* Alemanha.png */ = {isa = PBXFileReference; lastKnownFileType = image.png; path = Alemanha.png; sourceTree = "<group>"; };
		D08C3A77255829E300890937 /* Portugal.png */ = {isa = PBXFileReference; lastKnownFileType = image.png; path = Portugal.png; sourceTree = "<group>"; };
		D08C3A78255829E400890937 /* França.png */ = {isa = PBXFileReference; lastKnownFileType = image.png; path = "França.png"; sourceTree = "<group>"; };
		D08C3A79255829E400890937 /* Iugoslávia.png */ = {isa = PBXFileReference; lastKnownFileType = image.png; path = "Iugoslávia.png"; sourceTree = "<group>"; };
		D08C3A7A255829E400890937 /* Bélgica.png */ = {isa = PBXFileReference; lastKnownFileType = image.png; path = "Bélgica.png"; sourceTree = "<group>"; };
		D08C3A7B255829E400890937 /* Austrália.png */ = {isa = PBXFileReference; lastKnownFileType = image.png; path = "Austrália.png"; sourceTree = "<group>"; };
		D08C3A7C255829E400890937 /* Suíça.png */ = {isa = PBXFileReference; lastKnownFileType = image.png; path = "Suíça.png"; sourceTree = "<group>"; };
		D08C3A7D255829E400890937 /* República Tcheca.png */ = {isa = PBXFileReference; lastKnownFileType = image.png; path = "República Tcheca.png"; sourceTree = "<group>"; };
		D08C3A7E255829E400890937 /* Chile.png */ = {isa = PBXFileReference; lastKnownFileType = image.png; path = Chile.png; sourceTree = "<group>"; };
		D08C3A7F255829E400890937 /* Argentina.png */ = {isa = PBXFileReference; lastKnownFileType = image.png; path = Argentina.png; sourceTree = "<group>"; };
		D08C3A80255829E400890937 /* Argélia.png */ = {isa = PBXFileReference; lastKnownFileType = image.png; path = "Argélia.png"; sourceTree = "<group>"; };
		D0A7FAE0254DF48B00A194EE /* WorldCupTableViewCell.swift */ = {isa = PBXFileReference; lastKnownFileType = sourcecode.swift; path = WorldCupTableViewCell.swift; sourceTree = "<group>"; };
		D0A7FAE2254E17E500A194EE /* GamesTableViewCell.swift */ = {isa = PBXFileReference; lastKnownFileType = sourcecode.swift; path = GamesTableViewCell.swift; sourceTree = "<group>"; };
		D0AF6F0E254CEC0C00BC443B /* CampeoesDaCopa.app */ = {isa = PBXFileReference; explicitFileType = wrapper.application; includeInIndex = 0; path = CampeoesDaCopa.app; sourceTree = BUILT_PRODUCTS_DIR; };
		D0AF6F11254CEC0C00BC443B /* AppDelegate.swift */ = {isa = PBXFileReference; lastKnownFileType = sourcecode.swift; path = AppDelegate.swift; sourceTree = "<group>"; };
		D0AF6F13254CEC0C00BC443B /* SceneDelegate.swift */ = {isa = PBXFileReference; lastKnownFileType = sourcecode.swift; path = SceneDelegate.swift; sourceTree = "<group>"; };
		D0AF6F18254CEC0C00BC443B /* Base */ = {isa = PBXFileReference; lastKnownFileType = file.storyboard; name = Base; path = Base.lproj/Main.storyboard; sourceTree = "<group>"; };
		D0AF6F1A254CEC1100BC443B /* Assets.xcassets */ = {isa = PBXFileReference; lastKnownFileType = folder.assetcatalog; path = Assets.xcassets; sourceTree = "<group>"; };
		D0AF6F1D254CEC1100BC443B /* Base */ = {isa = PBXFileReference; lastKnownFileType = file.storyboard; name = Base; path = Base.lproj/LaunchScreen.storyboard; sourceTree = "<group>"; };
		D0AF6F1F254CEC1100BC443B /* Info.plist */ = {isa = PBXFileReference; lastKnownFileType = text.plist.xml; path = Info.plist; sourceTree = "<group>"; };
		D0AF6F24254CEC1100BC443B /* CampeoesDaCopaTests.xctest */ = {isa = PBXFileReference; explicitFileType = wrapper.cfbundle; includeInIndex = 0; path = CampeoesDaCopaTests.xctest; sourceTree = BUILT_PRODUCTS_DIR; };
		D0AF6F28254CEC1200BC443B /* CampeoesDaCopaTests.swift */ = {isa = PBXFileReference; lastKnownFileType = sourcecode.swift; path = CampeoesDaCopaTests.swift; sourceTree = "<group>"; };
		D0AF6F2A254CEC1200BC443B /* Info.plist */ = {isa = PBXFileReference; lastKnownFileType = text.plist.xml; path = Info.plist; sourceTree = "<group>"; };
		D0AF6F2F254CEC1200BC443B /* CampeoesDaCopaUITests.xctest */ = {isa = PBXFileReference; explicitFileType = wrapper.cfbundle; includeInIndex = 0; path = CampeoesDaCopaUITests.xctest; sourceTree = BUILT_PRODUCTS_DIR; };
		D0AF6F33254CEC1200BC443B /* CampeoesDaCopaUITests.swift */ = {isa = PBXFileReference; lastKnownFileType = sourcecode.swift; path = CampeoesDaCopaUITests.swift; sourceTree = "<group>"; };
		D0AF6F35254CEC1200BC443B /* Info.plist */ = {isa = PBXFileReference; lastKnownFileType = text.plist.xml; path = Info.plist; sourceTree = "<group>"; };
		D0AF6FA7254CEEEF00BC443B /* WinnersTableViewController.swift */ = {isa = PBXFileReference; lastKnownFileType = sourcecode.swift; path = WinnersTableViewController.swift; sourceTree = "<group>"; };
		D0AF6FAA254CEF3600BC443B /* WorldCupViewController.swift */ = {isa = PBXFileReference; lastKnownFileType = sourcecode.swift; path = WorldCupViewController.swift; sourceTree = "<group>"; };
		D0AF6FAC254CEF7B00BC443B /* WorldCup.swift */ = {isa = PBXFileReference; lastKnownFileType = sourcecode.swift; path = WorldCup.swift; sourceTree = "<group>"; };
/* End PBXFileReference section */

/* Begin PBXFrameworksBuildPhase section */
		D0AF6F0B254CEC0C00BC443B /* Frameworks */ = {
			isa = PBXFrameworksBuildPhase;
			buildActionMask = 2147483647;
			files = (
			);
			runOnlyForDeploymentPostprocessing = 0;
		};
		D0AF6F21254CEC1100BC443B /* Frameworks */ = {
			isa = PBXFrameworksBuildPhase;
			buildActionMask = 2147483647;
			files = (
			);
			runOnlyForDeploymentPostprocessing = 0;
		};
		D0AF6F2C254CEC1200BC443B /* Frameworks */ = {
			isa = PBXFrameworksBuildPhase;
			buildActionMask = 2147483647;
			files = (
			);
			runOnlyForDeploymentPostprocessing = 0;
		};
/* End PBXFrameworksBuildPhase section */

/* Begin PBXGroup section */
		D0AF6F05254CEC0C00BC443B = {
			isa = PBXGroup;
			children = (
				D0AF6F10254CEC0C00BC443B /* CampeoesDaCopa */,
				D0AF6F27254CEC1200BC443B /* CampeoesDaCopaTests */,
				D0AF6F32254CEC1200BC443B /* CampeoesDaCopaUITests */,
				D0AF6F0F254CEC0C00BC443B /* Products */,
			);
			sourceTree = "<group>";
		};
		D0AF6F0F254CEC0C00BC443B /* Products */ = {
			isa = PBXGroup;
			children = (
				D0AF6F0E254CEC0C00BC443B /* CampeoesDaCopa.app */,
				D0AF6F24254CEC1100BC443B /* CampeoesDaCopaTests.xctest */,
				D0AF6F2F254CEC1200BC443B /* CampeoesDaCopaUITests.xctest */,
			);
			name = Products;
			sourceTree = "<group>";
		};
		D0AF6F10254CEC0C00BC443B /* CampeoesDaCopa */ = {
			isa = PBXGroup;
			children = (
				D0AF6F41254CEC8000BC443B /* Files */,
				D0AF6F11254CEC0C00BC443B /* AppDelegate.swift */,
				D0AF6F13254CEC0C00BC443B /* SceneDelegate.swift */,
				D0AF6FA6254CEEBB00BC443B /* View */,
				D0AF6F1A254CEC1100BC443B /* Assets.xcassets */,
				D0AF6F1F254CEC1100BC443B /* Info.plist */,
				D0AF6FA9254CEF1200BC443B /* Controllers */,
				D0AF6FAE254CEF8900BC443B /* Model */,
			);
			path = CampeoesDaCopa;
			sourceTree = "<group>";
		};
		D0AF6F27254CEC1200BC443B /* CampeoesDaCopaTests */ = {
			isa = PBXGroup;
			children = (
				D0AF6F28254CEC1200BC443B /* CampeoesDaCopaTests.swift */,
				D0AF6F2A254CEC1200BC443B /* Info.plist */,
			);
			path = CampeoesDaCopaTests;
			sourceTree = "<group>";
		};
		D0AF6F32254CEC1200BC443B /* CampeoesDaCopaUITests */ = {
			isa = PBXGroup;
			children = (
				D0AF6F33254CEC1200BC443B /* CampeoesDaCopaUITests.swift */,
				D0AF6F35254CEC1200BC443B /* Info.plist */,
			);
			path = CampeoesDaCopaUITests;
			sourceTree = "<group>";
		};
		D0AF6F41254CEC8000BC443B /* Files */ = {
			isa = PBXGroup;
			children = (
				D08C3A54255829E000890937 /* África do Sul.png */,
				D08C3A6F255829E300890937 /* Alemanha Ocidental.png */,
				D08C3A74255829E300890937 /* Alemanha Oriental.png */,
				D08C3A76255829E300890937 /* Alemanha.png */,
				D08C3A63255829E100890937 /* Arábia Saudita.png */,
				D08C3A80255829E400890937 /* Argélia.png */,
				D08C3A7F255829E400890937 /* Argentina.png */,
				D08C3A7B255829E400890937 /* Austrália.png */,
				D08C3A4F255829DF00890937 /* Áustria.png */,
				D08C3A7A255829E400890937 /* Bélgica.png */,
				D08C3A60255829E100890937 /* Bolívia.png */,
				D08C3A56255829E000890937 /* Brasil.png */,
				D08C3A6C255829E200890937 /* Bulgária.png */,
				D08C3A6B255829E200890937 /* Camarões.png */,
				D08C3A7E255829E400890937 /* Chile.png */,
				D08C3A73255829E300890937 /* China.png */,
				D08C3A5B255829E100890937 /* Colômbia.png */,
				D08C3A62255829E100890937 /* Coréia do Sul.png */,
				D08C3A72255829E300890937 /* Costa Rica.png */,
				D08C3A75255829E300890937 /* Croácia.png */,
				D08C3A5F255829E100890937 /* Dinamarca.png */,
				D08C3A65255829E200890937 /* Emirados Árabes.png */,
				D08C3A55255829E000890937 /* Espanha.png */,
				D08C3A6E255829E200890937 /* Estados Unidos.png */,
				D08C3A78255829E400890937 /* França.png */,
				D08C3A67255829E200890937 /* Gana.png */,
				D08C3A5A255829E100890937 /* Holanda.png */,
				D08C3A53255829E000890937 /* Honduras.png */,
				D08C3A52255829E000890937 /* Hungria.png */,
				D08C3A6D255829E200890937 /* Inglaterra.png */,
				D08C3A57255829E000890937 /* Itália.png */,
				D08C3A79255829E400890937 /* Iugoslávia.png */,
				D08C3A59255829E000890937 /* México.png */,
				D08C3A50255829DF00890937 /* Noruega.png */,
				D08C3A5D255829E100890937 /* País de Gales.png */,
				D08C3A69255829E200890937 /* Paraguai.png */,
				D08C3A5E255829E100890937 /* Peru.png */,
				D08C3A66255829E200890937 /* Polônia.png */,
				D08C3A77255829E300890937 /* Portugal.png */,
				D08C3A7D255829E400890937 /* República Tcheca.png */,
				D08C3A64255829E100890937 /* Romênia.png */,
				D08C3A6A255829E200890937 /* Rússia.png */,
				D08C3A71255829E300890937 /* Suécia.png */,
				D08C3A7C255829E400890937 /* Suíça.png */,
				D08C3A51255829DF00890937 /* Tchecoslováquia.png */,
				D08C3A68255829E200890937 /* Turquia.png */,
				D08C3A61255829E100890937 /* Ucrânia.png */,
				D08C3A5C255829E100890937 /* União Soviética.png */,
				D08C3A70255829E300890937 /* Uruguai.png */,
				D08C3A58255829E000890937 /* winners.json */,
			);
			path = Files;
			sourceTree = "<group>";
		};
		D0AF6FA6254CEEBB00BC443B /* View */ = {
			isa = PBXGroup;
			children = (
				D0AF6F17254CEC0C00BC443B /* Main.storyboard */,
				D0AF6F1C254CEC1100BC443B /* LaunchScreen.storyboard */,
			);
			path = View;
			sourceTree = "<group>";
		};
		D0AF6FA9254CEF1200BC443B /* Controllers */ = {
			isa = PBXGroup;
			children = (
				D0AF6FA7254CEEEF00BC443B /* WinnersTableViewController.swift */,
				D0AF6FAA254CEF3600BC443B /* WorldCupViewController.swift */,
				D0A7FAE0254DF48B00A194EE /* WorldCupTableViewCell.swift */,
				D0A7FAE2254E17E500A194EE /* GamesTableViewCell.swift */,
			);
			path = Controllers;
			sourceTree = "<group>";
		};
		D0AF6FAE254CEF8900BC443B /* Model */ = {
			isa = PBXGroup;
			children = (
				D0AF6FAC254CEF7B00BC443B /* WorldCup.swift */,
			);
			path = Model;
			sourceTree = "<group>";
		};
/* End PBXGroup section */

/* Begin PBXNativeTarget section */
		D0AF6F0D254CEC0C00BC443B /* CampeoesDaCopa */ = {
			isa = PBXNativeTarget;
			buildConfigurationList = D0AF6F38254CEC1200BC443B /* Build configuration list for PBXNativeTarget "CampeoesDaCopa" */;
			buildPhases = (
				D0AF6F0A254CEC0C00BC443B /* Sources */,
				D0AF6F0B254CEC0C00BC443B /* Frameworks */,
				D0AF6F0C254CEC0C00BC443B /* Resources */,
			);
			buildRules = (
			);
			dependencies = (
			);
			name = CampeoesDaCopa;
			productName = CampeoesDaCopa;
			productReference = D0AF6F0E254CEC0C00BC443B /* CampeoesDaCopa.app */;
			productType = "com.apple.product-type.application";
		};
		D0AF6F23254CEC1100BC443B /* CampeoesDaCopaTests */ = {
			isa = PBXNativeTarget;
			buildConfigurationList = D0AF6F3B254CEC1200BC443B /* Build configuration list for PBXNativeTarget "CampeoesDaCopaTests" */;
			buildPhases = (
				D0AF6F20254CEC1100BC443B /* Sources */,
				D0AF6F21254CEC1100BC443B /* Frameworks */,
				D0AF6F22254CEC1100BC443B /* Resources */,
			);
			buildRules = (
			);
			dependencies = (
				D0AF6F26254CEC1100BC443B /* PBXTargetDependency */,
			);
			name = CampeoesDaCopaTests;
			productName = CampeoesDaCopaTests;
			productReference = D0AF6F24254CEC1100BC443B /* CampeoesDaCopaTests.xctest */;
			productType = "com.apple.product-type.bundle.unit-test";
		};
		D0AF6F2E254CEC1200BC443B /* CampeoesDaCopaUITests */ = {
			isa = PBXNativeTarget;
			buildConfigurationList = D0AF6F3E254CEC1200BC443B /* Build configuration list for PBXNativeTarget "CampeoesDaCopaUITests" */;
			buildPhases = (
				D0AF6F2B254CEC1200BC443B /* Sources */,
				D0AF6F2C254CEC1200BC443B /* Frameworks */,
				D0AF6F2D254CEC1200BC443B /* Resources */,
			);
			buildRules = (
			);
			dependencies = (
				D0AF6F31254CEC1200BC443B /* PBXTargetDependency */,
			);
			name = CampeoesDaCopaUITests;
			productName = CampeoesDaCopaUITests;
			productReference = D0AF6F2F254CEC1200BC443B /* CampeoesDaCopaUITests.xctest */;
			productType = "com.apple.product-type.bundle.ui-testing";
		};
/* End PBXNativeTarget section */

/* Begin PBXProject section */
		D0AF6F06254CEC0C00BC443B /* Project object */ = {
			isa = PBXProject;
			attributes = {
				LastSwiftUpdateCheck = 1170;
				LastUpgradeCheck = 1170;
				ORGANIZATIONNAME = User;
				TargetAttributes = {
					D0AF6F0D254CEC0C00BC443B = {
						CreatedOnToolsVersion = 11.7;
					};
					D0AF6F23254CEC1100BC443B = {
						CreatedOnToolsVersion = 11.7;
						TestTargetID = D0AF6F0D254CEC0C00BC443B;
					};
					D0AF6F2E254CEC1200BC443B = {
						CreatedOnToolsVersion = 11.7;
						TestTargetID = D0AF6F0D254CEC0C00BC443B;
					};
				};
			};
			buildConfigurationList = D0AF6F09254CEC0C00BC443B /* Build configuration list for PBXProject "CampeoesDaCopa" */;
			compatibilityVersion = "Xcode 9.3";
			developmentRegion = en;
			hasScannedForEncodings = 0;
			knownRegions = (
				en,
				Base,
			);
			mainGroup = D0AF6F05254CEC0C00BC443B;
			productRefGroup = D0AF6F0F254CEC0C00BC443B /* Products */;
			projectDirPath = "";
			projectRoot = "";
			targets = (
				D0AF6F0D254CEC0C00BC443B /* CampeoesDaCopa */,
				D0AF6F23254CEC1100BC443B /* CampeoesDaCopaTests */,
				D0AF6F2E254CEC1200BC443B /* CampeoesDaCopaUITests */,
			);
		};
/* End PBXProject section */

/* Begin PBXResourcesBuildPhase section */
		D0AF6F0C254CEC0C00BC443B /* Resources */ = {
			isa = PBXResourcesBuildPhase;
			buildActionMask = 2147483647;
			files = (
				D08C3A89255829E400890937 /* Itália.png in Resources */,
				D08C3A84255829E400890937 /* Hungria.png in Resources */,
				D08C3AB2255829E400890937 /* Argélia.png in Resources */,
				D08C3AA2255829E400890937 /* Uruguai.png in Resources */,
				D08C3A81255829E400890937 /* Áustria.png in Resources */,
				D08C3A9B255829E400890937 /* Paraguai.png in Resources */,
				D08C3A94255829E400890937 /* Coréia do Sul.png in Resources */,
				D0AF6F1E254CEC1100BC443B /* LaunchScreen.storyboard in Resources */,
				D08C3A9E255829E400890937 /* Bulgária.png in Resources */,
				D08C3AA1255829E400890937 /* Alemanha Ocidental.png in Resources */,
				D08C3A83255829E400890937 /* Tchecoslováquia.png in Resources */,
				D08C3A9A255829E400890937 /* Turquia.png in Resources */,
				D08C3AA6255829E400890937 /* Alemanha Oriental.png in Resources */,
				D08C3A92255829E400890937 /* Bolívia.png in Resources */,
				D0AF6F1B254CEC1100BC443B /* Assets.xcassets in Resources */,
				D08C3AB0255829E400890937 /* Chile.png in Resources */,
				D08C3AA3255829E400890937 /* Suécia.png in Resources */,
				D08C3A8C255829E400890937 /* Holanda.png in Resources */,
				D08C3AA9255829E400890937 /* Portugal.png in Resources */,
				D08C3A86255829E400890937 /* África do Sul.png in Resources */,
				D08C3AA5255829E400890937 /* China.png in Resources */,
				D08C3A9C255829E400890937 /* Rússia.png in Resources */,
				D08C3A93255829E400890937 /* Ucrânia.png in Resources */,
				D08C3A8B255829E400890937 /* México.png in Resources */,
				D08C3AAB255829E400890937 /* Iugoslávia.png in Resources */,
				D08C3A96255829E400890937 /* Romênia.png in Resources */,
				D08C3A91255829E400890937 /* Dinamarca.png in Resources */,
				D08C3A8F255829E400890937 /* País de Gales.png in Resources */,
				D08C3A97255829E400890937 /* Emirados Árabes.png in Resources */,
				D08C3A95255829E400890937 /* Arábia Saudita.png in Resources */,
				D08C3A9D255829E400890937 /* Camarões.png in Resources */,
				D08C3AAD255829E400890937 /* Austrália.png in Resources */,
				D08C3A98255829E400890937 /* Polônia.png in Resources */,
				D08C3AB1255829E400890937 /* Argentina.png in Resources */,
				D08C3AAF255829E400890937 /* República Tcheca.png in Resources */,
				D08C3A8D255829E400890937 /* Colômbia.png in Resources */,
				D08C3A8E255829E400890937 /* União Soviética.png in Resources */,
				D08C3AAE255829E400890937 /* Suíça.png in Resources */,
				D08C3A82255829E400890937 /* Noruega.png in Resources */,
				D08C3A90255829E400890937 /* Peru.png in Resources */,
				D08C3AA7255829E400890937 /* Croácia.png in Resources */,
				D08C3A87255829E400890937 /* Espanha.png in Resources */,
				D08C3A88255829E400890937 /* Brasil.png in Resources */,
				D08C3AAA255829E400890937 /* França.png in Resources */,
				D08C3A9F255829E400890937 /* Inglaterra.png in Resources */,
				D08C3AA8255829E400890937 /* Alemanha.png in Resources */,
				D08C3A85255829E400890937 /* Honduras.png in Resources */,
				D08C3AA0255829E400890937 /* Estados Unidos.png in Resources */,
				D0AF6F19254CEC0C00BC443B /* Main.storyboard in Resources */,
				D08C3AA4255829E400890937 /* Costa Rica.png in Resources */,
				D08C3A8A255829E400890937 /* winners.json in Resources */,
				D08C3A99255829E400890937 /* Gana.png in Resources */,
				D08C3AAC255829E400890937 /* Bélgica.png in Resources */,
			);
			runOnlyForDeploymentPostprocessing = 0;
		};
		D0AF6F22254CEC1100BC443B /* Resources */ = {
			isa = PBXResourcesBuildPhase;
			buildActionMask = 2147483647;
			files = (
			);
			runOnlyForDeploymentPostprocessing = 0;
		};
		D0AF6F2D254CEC1200BC443B /* Resources */ = {
			isa = PBXResourcesBuildPhase;
			buildActionMask = 2147483647;
			files = (
			);
			runOnlyForDeploymentPostprocessing = 0;
		};
/* End PBXResourcesBuildPhase section */

/* Begin PBXSourcesBuildPhase section */
		D0AF6F0A254CEC0C00BC443B /* Sources */ = {
			isa = PBXSourcesBuildPhase;
			buildActionMask = 2147483647;
			files = (
				D0AF6FA8254CEEEF00BC443B /* WinnersTableViewController.swift in Sources */,
				D0AF6F12254CEC0C00BC443B /* AppDelegate.swift in Sources */,
				D0AF6FAD254CEF7B00BC443B /* WorldCup.swift in Sources */,
				D0A7FAE3254E17E500A194EE /* GamesTableViewCell.swift in Sources */,
				D0A7FAE1254DF48B00A194EE /* WorldCupTableViewCell.swift in Sources */,
				D0AF6FAB254CEF3600BC443B /* WorldCupViewController.swift in Sources */,
				D0AF6F14254CEC0C00BC443B /* SceneDelegate.swift in Sources */,
			);
			runOnlyForDeploymentPostprocessing = 0;
		};
		D0AF6F20254CEC1100BC443B /* Sources */ = {
			isa = PBXSourcesBuildPhase;
			buildActionMask = 2147483647;
			files = (
				D0AF6F29254CEC1200BC443B /* CampeoesDaCopaTests.swift in Sources */,
			);
			runOnlyForDeploymentPostprocessing = 0;
		};
		D0AF6F2B254CEC1200BC443B /* Sources */ = {
			isa = PBXSourcesBuildPhase;
			buildActionMask = 2147483647;
			files = (
				D0AF6F34254CEC1200BC443B /* CampeoesDaCopaUITests.swift in Sources */,
			);
			runOnlyForDeploymentPostprocessing = 0;
		};
/* End PBXSourcesBuildPhase section */

/* Begin PBXTargetDependency section */
		D0AF6F26254CEC1100BC443B /* PBXTargetDependency */ = {
			isa = PBXTargetDependency;
			target = D0AF6F0D254CEC0C00BC443B /* CampeoesDaCopa */;
			targetProxy = D0AF6F25254CEC1100BC443B /* PBXContainerItemProxy */;
		};
		D0AF6F31254CEC1200BC443B /* PBXTargetDependency */ = {
			isa = PBXTargetDependency;
			target = D0AF6F0D254CEC0C00BC443B /* CampeoesDaCopa */;
			targetProxy = D0AF6F30254CEC1200BC443B /* PBXContainerItemProxy */;
		};
/* End PBXTargetDependency section */

/* Begin PBXVariantGroup section */
		D0AF6F17254CEC0C00BC443B /* Main.storyboard */ = {
			isa = PBXVariantGroup;
			children = (
				D0AF6F18254CEC0C00BC443B /* Base */,
			);
			name = Main.storyboard;
			sourceTree = "<group>";
		};
		D0AF6F1C254CEC1100BC443B /* LaunchScreen.storyboard */ = {
			isa = PBXVariantGroup;
			children = (
				D0AF6F1D254CEC1100BC443B /* Base */,
			);
			name = LaunchScreen.storyboard;
			sourceTree = "<group>";
		};
/* End PBXVariantGroup section */

/* Begin XCBuildConfiguration section */
		D0AF6F36254CEC1200BC443B /* Debug */ = {
			isa = XCBuildConfiguration;
			buildSettings = {
				ALWAYS_SEARCH_USER_PATHS = NO;
				CLANG_ANALYZER_NONNULL = YES;
				CLANG_ANALYZER_NUMBER_OBJECT_CONVERSION = YES_AGGRESSIVE;
				CLANG_CXX_LANGUAGE_STANDARD = "gnu++14";
				CLANG_CXX_LIBRARY = "libc++";
				CLANG_ENABLE_MODULES = YES;
				CLANG_ENABLE_OBJC_ARC = YES;
				CLANG_ENABLE_OBJC_WEAK = YES;
				CLANG_WARN_BLOCK_CAPTURE_AUTORELEASING = YES;
				CLANG_WARN_BOOL_CONVERSION = YES;
				CLANG_WARN_COMMA = YES;
				CLANG_WARN_CONSTANT_CONVERSION = YES;
				CLANG_WARN_DEPRECATED_OBJC_IMPLEMENTATIONS = YES;
				CLANG_WARN_DIRECT_OBJC_ISA_USAGE = YES_ERROR;
				CLANG_WARN_DOCUMENTATION_COMMENTS = YES;
				CLANG_WARN_EMPTY_BODY = YES;
				CLANG_WARN_ENUM_CONVERSION = YES;
				CLANG_WARN_INFINITE_RECURSION = YES;
				CLANG_WARN_INT_CONVERSION = YES;
				CLANG_WARN_NON_LITERAL_NULL_CONVERSION = YES;
				CLANG_WARN_OBJC_IMPLICIT_RETAIN_SELF = YES;
				CLANG_WARN_OBJC_LITERAL_CONVERSION = YES;
				CLANG_WARN_OBJC_ROOT_CLASS = YES_ERROR;
				CLANG_WARN_RANGE_LOOP_ANALYSIS = YES;
				CLANG_WARN_STRICT_PROTOTYPES = YES;
				CLANG_WARN_SUSPICIOUS_MOVE = YES;
				CLANG_WARN_UNGUARDED_AVAILABILITY = YES_AGGRESSIVE;
				CLANG_WARN_UNREACHABLE_CODE = YES;
				CLANG_WARN__DUPLICATE_METHOD_MATCH = YES;
				COPY_PHASE_STRIP = NO;
				DEBUG_INFORMATION_FORMAT = dwarf;
				ENABLE_STRICT_OBJC_MSGSEND = YES;
				ENABLE_TESTABILITY = YES;
				GCC_C_LANGUAGE_STANDARD = gnu11;
				GCC_DYNAMIC_NO_PIC = NO;
				GCC_NO_COMMON_BLOCKS = YES;
				GCC_OPTIMIZATION_LEVEL = 0;
				GCC_PREPROCESSOR_DEFINITIONS = (
					"DEBUG=1",
					"$(inherited)",
				);
				GCC_WARN_64_TO_32_BIT_CONVERSION = YES;
				GCC_WARN_ABOUT_RETURN_TYPE = YES_ERROR;
				GCC_WARN_UNDECLARED_SELECTOR = YES;
				GCC_WARN_UNINITIALIZED_AUTOS = YES_AGGRESSIVE;
				GCC_WARN_UNUSED_FUNCTION = YES;
				GCC_WARN_UNUSED_VARIABLE = YES;
				IPHONEOS_DEPLOYMENT_TARGET = 13.7;
				MTL_ENABLE_DEBUG_INFO = INCLUDE_SOURCE;
				MTL_FAST_MATH = YES;
				ONLY_ACTIVE_ARCH = YES;
				SDKROOT = iphoneos;
				SWIFT_ACTIVE_COMPILATION_CONDITIONS = DEBUG;
				SWIFT_OPTIMIZATION_LEVEL = "-Onone";
			};
			name = Debug;
		};
		D0AF6F37254CEC1200BC443B /* Release */ = {
			isa = XCBuildConfiguration;
			buildSettings = {
				ALWAYS_SEARCH_USER_PATHS = NO;
				CLANG_ANALYZER_NONNULL = YES;
				CLANG_ANALYZER_NUMBER_OBJECT_CONVERSION = YES_AGGRESSIVE;
				CLANG_CXX_LANGUAGE_STANDARD = "gnu++14";
				CLANG_CXX_LIBRARY = "libc++";
				CLANG_ENABLE_MODULES = YES;
				CLANG_ENABLE_OBJC_ARC = YES;
				CLANG_ENABLE_OBJC_WEAK = YES;
				CLANG_WARN_BLOCK_CAPTURE_AUTORELEASING = YES;
				CLANG_WARN_BOOL_CONVERSION = YES;
				CLANG_WARN_COMMA = YES;
				CLANG_WARN_CONSTANT_CONVERSION = YES;
				CLANG_WARN_DEPRECATED_OBJC_IMPLEMENTATIONS = YES;
				CLANG_WARN_DIRECT_OBJC_ISA_USAGE = YES_ERROR;
				CLANG_WARN_DOCUMENTATION_COMMENTS = YES;
				CLANG_WARN_EMPTY_BODY = YES;
				CLANG_WARN_ENUM_CONVERSION = YES;
				CLANG_WARN_INFINITE_RECURSION = YES;
				CLANG_WARN_INT_CONVERSION = YES;
				CLANG_WARN_NON_LITERAL_NULL_CONVERSION = YES;
				CLANG_WARN_OBJC_IMPLICIT_RETAIN_SELF = YES;
				CLANG_WARN_OBJC_LITERAL_CONVERSION = YES;
				CLANG_WARN_OBJC_ROOT_CLASS = YES_ERROR;
				CLANG_WARN_RANGE_LOOP_ANALYSIS = YES;
				CLANG_WARN_STRICT_PROTOTYPES = YES;
				CLANG_WARN_SUSPICIOUS_MOVE = YES;
				CLANG_WARN_UNGUARDED_AVAILABILITY = YES_AGGRESSIVE;
				CLANG_WARN_UNREACHABLE_CODE = YES;
				CLANG_WARN__DUPLICATE_METHOD_MATCH = YES;
				COPY_PHASE_STRIP = NO;
				DEBUG_INFORMATION_FORMAT = "dwarf-with-dsym";
				ENABLE_NS_ASSERTIONS = NO;
				ENABLE_STRICT_OBJC_MSGSEND = YES;
				GCC_C_LANGUAGE_STANDARD = gnu11;
				GCC_NO_COMMON_BLOCKS = YES;
				GCC_WARN_64_TO_32_BIT_CONVERSION = YES;
				GCC_WARN_ABOUT_RETURN_TYPE = YES_ERROR;
				GCC_WARN_UNDECLARED_SELECTOR = YES;
				GCC_WARN_UNINITIALIZED_AUTOS = YES_AGGRESSIVE;
				GCC_WARN_UNUSED_FUNCTION = YES;
				GCC_WARN_UNUSED_VARIABLE = YES;
				IPHONEOS_DEPLOYMENT_TARGET = 13.7;
				MTL_ENABLE_DEBUG_INFO = NO;
				MTL_FAST_MATH = YES;
				SDKROOT = iphoneos;
				SWIFT_COMPILATION_MODE = wholemodule;
				SWIFT_OPTIMIZATION_LEVEL = "-O";
				VALIDATE_PRODUCT = YES;
			};
			name = Release;
		};
		D0AF6F39254CEC1200BC443B /* Debug */ = {
			isa = XCBuildConfiguration;
			buildSettings = {
				ASSETCATALOG_COMPILER_APPICON_NAME = AppIcon;
				CODE_SIGN_STYLE = Automatic;
				DEVELOPMENT_TEAM = ZVPR6JR4TM;
				INFOPLIST_FILE = CampeoesDaCopa/Info.plist;
				LD_RUNPATH_SEARCH_PATHS = (
					"$(inherited)",
					"@executable_path/Frameworks",
				);
				PRODUCT_BUNDLE_IDENTIFIER = projectTest.CampeoesDaCopa;
				PRODUCT_NAME = "$(TARGET_NAME)";
				SWIFT_VERSION = 5.0;
				TARGETED_DEVICE_FAMILY = "1,2";
			};
			name = Debug;
		};
		D0AF6F3A254CEC1200BC443B /* Release */ = {
			isa = XCBuildConfiguration;
			buildSettings = {
				ASSETCATALOG_COMPILER_APPICON_NAME = AppIcon;
				CODE_SIGN_STYLE = Automatic;
				DEVELOPMENT_TEAM = ZVPR6JR4TM;
				INFOPLIST_FILE = CampeoesDaCopa/Info.plist;
				LD_RUNPATH_SEARCH_PATHS = (
					"$(inherited)",
					"@executable_path/Frameworks",
				);
				PRODUCT_BUNDLE_IDENTIFIER = projectTest.CampeoesDaCopa;
				PRODUCT_NAME = "$(TARGET_NAME)";
				SWIFT_VERSION = 5.0;
				TARGETED_DEVICE_FAMILY = "1,2";
			};
			name = Release;
		};
		D0AF6F3C254CEC1200BC443B /* Debug */ = {
			isa = XCBuildConfiguration;
			buildSettings = {
				ALWAYS_EMBED_SWIFT_STANDARD_LIBRARIES = YES;
				BUNDLE_LOADER = "$(TEST_HOST)";
				CODE_SIGN_STYLE = Automatic;
				DEVELOPMENT_TEAM = ZVPR6JR4TM;
				INFOPLIST_FILE = CampeoesDaCopaTests/Info.plist;
				IPHONEOS_DEPLOYMENT_TARGET = 13.7;
				LD_RUNPATH_SEARCH_PATHS = (
					"$(inherited)",
					"@executable_path/Frameworks",
					"@loader_path/Frameworks",
				);
				PRODUCT_BUNDLE_IDENTIFIER = projectTest.CampeoesDaCopaTests;
				PRODUCT_NAME = "$(TARGET_NAME)";
				SWIFT_VERSION = 5.0;
				TARGETED_DEVICE_FAMILY = "1,2";
				TEST_HOST = "$(BUILT_PRODUCTS_DIR)/CampeoesDaCopa.app/CampeoesDaCopa";
			};
			name = Debug;
		};
		D0AF6F3D254CEC1200BC443B /* Release */ = {
			isa = XCBuildConfiguration;
			buildSettings = {
				ALWAYS_EMBED_SWIFT_STANDARD_LIBRARIES = YES;
				BUNDLE_LOADER = "$(TEST_HOST)";
				CODE_SIGN_STYLE = Automatic;
				DEVELOPMENT_TEAM = ZVPR6JR4TM;
				INFOPLIST_FILE = CampeoesDaCopaTests/Info.plist;
				IPHONEOS_DEPLOYMENT_TARGET = 13.7;
				LD_RUNPATH_SEARCH_PATHS = (
					"$(inherited)",
					"@executable_path/Frameworks",
					"@loader_path/Frameworks",
				);
				PRODUCT_BUNDLE_IDENTIFIER = projectTest.CampeoesDaCopaTests;
				PRODUCT_NAME = "$(TARGET_NAME)";
				SWIFT_VERSION = 5.0;
				TARGETED_DEVICE_FAMILY = "1,2";
				TEST_HOST = "$(BUILT_PRODUCTS_DIR)/CampeoesDaCopa.app/CampeoesDaCopa";
			};
			name = Release;
		};
		D0AF6F3F254CEC1200BC443B /* Debug */ = {
			isa = XCBuildConfiguration;
			buildSettings = {
				ALWAYS_EMBED_SWIFT_STANDARD_LIBRARIES = YES;
				CODE_SIGN_STYLE = Automatic;
				DEVELOPMENT_TEAM = ZVPR6JR4TM;
				INFOPLIST_FILE = CampeoesDaCopaUITests/Info.plist;
				LD_RUNPATH_SEARCH_PATHS = (
					"$(inherited)",
					"@executable_path/Frameworks",
					"@loader_path/Frameworks",
				);
				PRODUCT_BUNDLE_IDENTIFIER = projectTest.CampeoesDaCopaUITests;
				PRODUCT_NAME = "$(TARGET_NAME)";
				SWIFT_VERSION = 5.0;
				TARGETED_DEVICE_FAMILY = "1,2";
				TEST_TARGET_NAME = CampeoesDaCopa;
			};
			name = Debug;
		};
		D0AF6F40254CEC1200BC443B /* Release */ = {
			isa = XCBuildConfiguration;
			buildSettings = {
				ALWAYS_EMBED_SWIFT_STANDARD_LIBRARIES = YES;
				CODE_SIGN_STYLE = Automatic;
				DEVELOPMENT_TEAM = ZVPR6JR4TM;
				INFOPLIST_FILE = CampeoesDaCopaUITests/Info.plist;
				LD_RUNPATH_SEARCH_PATHS = (
					"$(inherited)",
					"@executable_path/Frameworks",
					"@loader_path/Frameworks",
				);
				PRODUCT_BUNDLE_IDENTIFIER = projectTest.CampeoesDaCopaUITests;
				PRODUCT_NAME = "$(TARGET_NAME)";
				SWIFT_VERSION = 5.0;
				TARGETED_DEVICE_FAMILY = "1,2";
				TEST_TARGET_NAME = CampeoesDaCopa;
			};
			name = Release;
		};
/* End XCBuildConfiguration section */

/* Begin XCConfigurationList section */
		D0AF6F09254CEC0C00BC443B /* Build configuration list for PBXProject "CampeoesDaCopa" */ = {
			isa = XCConfigurationList;
			buildConfigurations = (
				D0AF6F36254CEC1200BC443B /* Debug */,
				D0AF6F37254CEC1200BC443B /* Release */,
			);
			defaultConfigurationIsVisible = 0;
			defaultConfigurationName = Release;
		};
		D0AF6F38254CEC1200BC443B /* Build configuration list for PBXNativeTarget "CampeoesDaCopa" */ = {
			isa = XCConfigurationList;
			buildConfigurations = (
				D0AF6F39254CEC1200BC443B /* Debug */,
				D0AF6F3A254CEC1200BC443B /* Release */,
			);
			defaultConfigurationIsVisible = 0;
			defaultConfigurationName = Release;
		};
		D0AF6F3B254CEC1200BC443B /* Build configuration list for PBXNativeTarget "CampeoesDaCopaTests" */ = {
			isa = XCConfigurationList;
			buildConfigurations = (
				D0AF6F3C254CEC1200BC443B /* Debug */,
				D0AF6F3D254CEC1200BC443B /* Release */,
			);
			defaultConfigurationIsVisible = 0;
			defaultConfigurationName = Release;
		};
		D0AF6F3E254CEC1200BC443B /* Build configuration list for PBXNativeTarget "CampeoesDaCopaUITests" */ = {
			isa = XCConfigurationList;
			buildConfigurations = (
				D0AF6F3F254CEC1200BC443B /* Debug */,
				D0AF6F40254CEC1200BC443B /* Release */,
			);
			defaultConfigurationIsVisible = 0;
			defaultConfigurationName = Release;
		};
/* End XCConfigurationList section */
	};
	rootObject = D0AF6F06254CEC0C00BC443B /* Project object */;
}
